// !$*UTF8*$!
{
	archiveVersion = 1;
	classes = {
	};
	objectVersion = 56;
	objects = {

/* Begin PBXBuildFile section */
		6B25A6892B0E6E7B0080F0C1 /* config.swift in Sources */ = {isa = PBXBuildFile; fileRef = 6B25A6882B0E6E7B0080F0C1 /* config.swift */; };
		6B25A68B2B0F14C50080F0C1 /* zone.swift in Sources */ = {isa = PBXBuildFile; fileRef = 6B25A68A2B0F14C50080F0C1 /* zone.swift */; };
		6B44E5DB2B0E3EDE00E5D6B4 /* accidentInputvalidator.swift in Sources */ = {isa = PBXBuildFile; fileRef = 6B44E5DA2B0E3EDE00E5D6B4 /* accidentInputvalidator.swift */; };
		6B4889212B0CBD84001F16BC /* main.swift in Sources */ = {isa = PBXBuildFile; fileRef = 6B4889202B0CBD84001F16BC /* main.swift */; };
		6B48892C2B0E1F87001F16BC /* zoneInputvalidator.swift in Sources */ = {isa = PBXBuildFile; fileRef = 6B48892B2B0E1F87001F16BC /* zoneInputvalidator.swift */; };
		6B48892E2B0E211E001F16BC /* userInputhandler.swift in Sources */ = {isa = PBXBuildFile; fileRef = 6B48892D2B0E211E001F16BC /* userInputhandler.swift */; };
		6BF0D82C2B0FA79F00851BE3 /* phonenumbermask.swift in Sources */ = {isa = PBXBuildFile; fileRef = 6BF0D82B2B0FA79F00851BE3 /* phonenumbermask.swift */; };
/* End PBXBuildFile section */

/* Begin PBXCopyFilesBuildPhase section */
		6B48891B2B0CBD84001F16BC /* CopyFiles */ = {
			isa = PBXCopyFilesBuildPhase;
			buildActionMask = 2147483647;
			dstPath = /usr/share/man/man1/;
			dstSubfolderSpec = 0;
			files = (
			);
			runOnlyForDeploymentPostprocessing = 1;
		};
/* End PBXCopyFilesBuildPhase section */

/* Begin PBXFileReference section */
		6B25A6882B0E6E7B0080F0C1 /* config.swift */ = {isa = PBXFileReference; lastKnownFileType = sourcecode.swift; path = config.swift; sourceTree = "<group>"; };
		6B25A68A2B0F14C50080F0C1 /* zone.swift */ = {isa = PBXFileReference; lastKnownFileType = sourcecode.swift; path = zone.swift; sourceTree = "<group>"; };
		6B44E5DA2B0E3EDE00E5D6B4 /* accidentInputvalidator.swift */ = {isa = PBXFileReference; lastKnownFileType = sourcecode.swift; path = accidentInputvalidator.swift; sourceTree = "<group>"; };
		6B48891D2B0CBD84001F16BC /* task_01 */ = {isa = PBXFileReference; explicitFileType = "compiled.mach-o.executable"; includeInIndex = 0; path = task_01; sourceTree = BUILT_PRODUCTS_DIR; };
		6B4889202B0CBD84001F16BC /* main.swift */ = {isa = PBXFileReference; lastKnownFileType = sourcecode.swift; path = main.swift; sourceTree = "<group>"; };
		6B48892B2B0E1F87001F16BC /* zoneInputvalidator.swift */ = {isa = PBXFileReference; lastKnownFileType = sourcecode.swift; path = zoneInputvalidator.swift; sourceTree = "<group>"; };
		6B48892D2B0E211E001F16BC /* userInputhandler.swift */ = {isa = PBXFileReference; lastKnownFileType = sourcecode.swift; path = userInputhandler.swift; sourceTree = "<group>"; };
		6BF0D82B2B0FA79F00851BE3 /* phonenumbermask.swift */ = {isa = PBXFileReference; lastKnownFileType = sourcecode.swift; path = phonenumbermask.swift; sourceTree = "<group>"; };
/* End PBXFileReference section */

/* Begin PBXFrameworksBuildPhase section */
		6B48891A2B0CBD84001F16BC /* Frameworks */ = {
			isa = PBXFrameworksBuildPhase;
			buildActionMask = 2147483647;
			files = (
			);
			runOnlyForDeploymentPostprocessing = 0;
		};
/* End PBXFrameworksBuildPhase section */

/* Begin PBXGroup section */
		6B4889142B0CBD84001F16BC = {
			isa = PBXGroup;
			children = (
				6B48891F2B0CBD84001F16BC /* task_01 */,
				6B48891E2B0CBD84001F16BC /* Products */,
			);
			sourceTree = "<group>";
		};
		6B48891E2B0CBD84001F16BC /* Products */ = {
			isa = PBXGroup;
			children = (
				6B48891D2B0CBD84001F16BC /* task_01 */,
			);
			name = Products;
			sourceTree = "<group>";
		};
		6B48891F2B0CBD84001F16BC /* task_01 */ = {
			isa = PBXGroup;
			children = (
				6B4889202B0CBD84001F16BC /* main.swift */,
				6B25A68A2B0F14C50080F0C1 /* zone.swift */,
				6B48892D2B0E211E001F16BC /* userInputhandler.swift */,
				6B25A6882B0E6E7B0080F0C1 /* config.swift */,
				6BF0D82B2B0FA79F00851BE3 /* phonenumbermask.swift */,
				6B48892B2B0E1F87001F16BC /* zoneInputvalidator.swift */,
				6B44E5DA2B0E3EDE00E5D6B4 /* accidentInputvalidator.swift */,
			);
			path = task_01;
			sourceTree = "<group>";
		};
/* End PBXGroup section */

/* Begin PBXNativeTarget section */
		6B48891C2B0CBD84001F16BC /* task_01 */ = {
			isa = PBXNativeTarget;
			buildConfigurationList = 6B4889242B0CBD84001F16BC /* Build configuration list for PBXNativeTarget "task_01" */;
			buildPhases = (
				6B4889192B0CBD84001F16BC /* Sources */,
				6B48891A2B0CBD84001F16BC /* Frameworks */,
				6B48891B2B0CBD84001F16BC /* CopyFiles */,
			);
			buildRules = (
			);
			dependencies = (
			);
			name = task_01;
			productName = task_01;
			productReference = 6B48891D2B0CBD84001F16BC /* task_01 */;
			productType = "com.apple.product-type.tool";
		};
/* End PBXNativeTarget section */

/* Begin PBXProject section */
		6B4889152B0CBD84001F16BC /* Project object */ = {
			isa = PBXProject;
			attributes = {
				BuildIndependentTargetsInParallel = 1;
				LastSwiftUpdateCheck = 1500;
				LastUpgradeCheck = 1500;
				TargetAttributes = {
					6B48891C2B0CBD84001F16BC = {
						CreatedOnToolsVersion = 15.0.1;
					};
				};
			};
			buildConfigurationList = 6B4889182B0CBD84001F16BC /* Build configuration list for PBXProject "task_01" */;
			compatibilityVersion = "Xcode 14.0";
			developmentRegion = en;
			hasScannedForEncodings = 0;
			knownRegions = (
				en,
				Base,
			);
			mainGroup = 6B4889142B0CBD84001F16BC;
			productRefGroup = 6B48891E2B0CBD84001F16BC /* Products */;
			projectDirPath = "";
			projectRoot = "";
			targets = (
				6B48891C2B0CBD84001F16BC /* task_01 */,
			);
		};
/* End PBXProject section */

/* Begin PBXSourcesBuildPhase section */
		6B4889192B0CBD84001F16BC /* Sources */ = {
			isa = PBXSourcesBuildPhase;
			buildActionMask = 2147483647;
			files = (
				6B4889212B0CBD84001F16BC /* main.swift in Sources */,
				6BF0D82C2B0FA79F00851BE3 /* phonenumbermask.swift in Sources */,
				6B25A68B2B0F14C50080F0C1 /* zone.swift in Sources */,
				6B44E5DB2B0E3EDE00E5D6B4 /* accidentInputvalidator.swift in Sources */,
				6B48892C2B0E1F87001F16BC /* zoneInputvalidator.swift in Sources */,
				6B25A6892B0E6E7B0080F0C1 /* config.swift in Sources */,
				6B48892E2B0E211E001F16BC /* userInputhandler.swift in Sources */,
			);
			runOnlyForDeploymentPostprocessing = 0;
		};
/* End PBXSourcesBuildPhase section */

/* Begin XCBuildConfiguration section */
		6B4889222B0CBD84001F16BC /* Debug */ = {
			isa = XCBuildConfiguration;
			buildSettings = {
				ALWAYS_SEARCH_USER_PATHS = NO;
				ASSETCATALOG_COMPILER_GENERATE_SWIFT_ASSET_SYMBOL_EXTENSIONS = YES;
				CLANG_ANALYZER_NONNULL = YES;
				CLANG_ANALYZER_NUMBER_OBJECT_CONVERSION = YES_AGGRESSIVE;
				CLANG_CXX_LANGUAGE_STANDARD = "gnu++20";
				CLANG_ENABLE_MODULES = YES;
				CLANG_ENABLE_OBJC_ARC = YES;
				CLANG_ENABLE_OBJC_WEAK = YES;
				CLANG_WARN_BLOCK_CAPTURE_AUTORELEASING = YES;
				CLANG_WARN_BOOL_CONVERSION = YES;
				CLANG_WARN_COMMA = YES;
				CLANG_WARN_CONSTANT_CONVERSION = YES;
				CLANG_WARN_DEPRECATED_OBJC_IMPLEMENTATIONS = YES;
				CLANG_WARN_DIRECT_OBJC_ISA_USAGE = YES_ERROR;
				CLANG_WARN_DOCUMENTATION_COMMENTS = YES;
				CLANG_WARN_EMPTY_BODY = YES;
				CLANG_WARN_ENUM_CONVERSION = YES;
				CLANG_WARN_INFINITE_RECURSION = YES;
				CLANG_WARN_INT_CONVERSION = YES;
				CLANG_WARN_NON_LITERAL_NULL_CONVERSION = YES;
				CLANG_WARN_OBJC_IMPLICIT_RETAIN_SELF = YES;
				CLANG_WARN_OBJC_LITERAL_CONVERSION = YES;
				CLANG_WARN_OBJC_ROOT_CLASS = YES_ERROR;
				CLANG_WARN_QUOTED_INCLUDE_IN_FRAMEWORK_HEADER = YES;
				CLANG_WARN_RANGE_LOOP_ANALYSIS = YES;
				CLANG_WARN_STRICT_PROTOTYPES = YES;
				CLANG_WARN_SUSPICIOUS_MOVE = YES;
				CLANG_WARN_UNGUARDED_AVAILABILITY = YES_AGGRESSIVE;
				CLANG_WARN_UNREACHABLE_CODE = YES;
				CLANG_WARN__DUPLICATE_METHOD_MATCH = YES;
				COPY_PHASE_STRIP = NO;
				DEBUG_INFORMATION_FORMAT = dwarf;
				ENABLE_STRICT_OBJC_MSGSEND = YES;
				ENABLE_TESTABILITY = YES;
				ENABLE_USER_SCRIPT_SANDBOXING = YES;
				GCC_C_LANGUAGE_STANDARD = gnu17;
				GCC_DYNAMIC_NO_PIC = NO;
				GCC_NO_COMMON_BLOCKS = YES;
				GCC_OPTIMIZATION_LEVEL = 0;
				GCC_PREPROCESSOR_DEFINITIONS = (
					"DEBUG=1",
					"$(inherited)",
				);
				GCC_WARN_64_TO_32_BIT_CONVERSION = YES;
				GCC_WARN_ABOUT_RETURN_TYPE = YES_ERROR;
				GCC_WARN_UNDECLARED_SELECTOR = YES;
				GCC_WARN_UNINITIALIZED_AUTOS = YES_AGGRESSIVE;
				GCC_WARN_UNUSED_FUNCTION = YES;
				GCC_WARN_UNUSED_VARIABLE = YES;
				LOCALIZATION_PREFERS_STRING_CATALOGS = YES;
				MACOSX_DEPLOYMENT_TARGET = 14.0;
				MTL_ENABLE_DEBUG_INFO = INCLUDE_SOURCE;
				MTL_FAST_MATH = YES;
				ONLY_ACTIVE_ARCH = YES;
				SDKROOT = macosx;
				SWIFT_ACTIVE_COMPILATION_CONDITIONS = "DEBUG $(inherited)";
				SWIFT_OPTIMIZATION_LEVEL = "-Onone";
			};
			name = Debug;
		};
		6B4889232B0CBD84001F16BC /* Release */ = {
			isa = XCBuildConfiguration;
			buildSettings = {
				ALWAYS_SEARCH_USER_PATHS = NO;
				ASSETCATALOG_COMPILER_GENERATE_SWIFT_ASSET_SYMBOL_EXTENSIONS = YES;
				CLANG_ANALYZER_NONNULL = YES;
				CLANG_ANALYZER_NUMBER_OBJECT_CONVERSION = YES_AGGRESSIVE;
				CLANG_CXX_LANGUAGE_STANDARD = "gnu++20";
				CLANG_ENABLE_MODULES = YES;
				CLANG_ENABLE_OBJC_ARC = YES;
				CLANG_ENABLE_OBJC_WEAK = YES;
				CLANG_WARN_BLOCK_CAPTURE_AUTORELEASING = YES;
				CLANG_WARN_BOOL_CONVERSION = YES;
				CLANG_WARN_COMMA = YES;
				CLANG_WARN_CONSTANT_CONVERSION = YES;
				CLANG_WARN_DEPRECATED_OBJC_IMPLEMENTATIONS = YES;
				CLANG_WARN_DIRECT_OBJC_ISA_USAGE = YES_ERROR;
				CLANG_WARN_DOCUMENTATION_COMMENTS = YES;
				CLANG_WARN_EMPTY_BODY = YES;
				CLANG_WARN_ENUM_CONVERSION = YES;
				CLANG_WARN_INFINITE_RECURSION = YES;
				CLANG_WARN_INT_CONVERSION = YES;
				CLANG_WARN_NON_LITERAL_NULL_CONVERSION = YES;
				CLANG_WARN_OBJC_IMPLICIT_RETAIN_SELF = YES;
				CLANG_WARN_OBJC_LITERAL_CONVERSION = YES;
				CLANG_WARN_OBJC_ROOT_CLASS = YES_ERROR;
				CLANG_WARN_QUOTED_INCLUDE_IN_FRAMEWORK_HEADER = YES;
				CLANG_WARN_RANGE_LOOP_ANALYSIS = YES;
				CLANG_WARN_STRICT_PROTOTYPES = YES;
				CLANG_WARN_SUSPICIOUS_MOVE = YES;
				CLANG_WARN_UNGUARDED_AVAILABILITY = YES_AGGRESSIVE;
				CLANG_WARN_UNREACHABLE_CODE = YES;
				CLANG_WARN__DUPLICATE_METHOD_MATCH = YES;
				COPY_PHASE_STRIP = NO;
				DEBUG_INFORMATION_FORMAT = "dwarf-with-dsym";
				ENABLE_NS_ASSERTIONS = NO;
				ENABLE_STRICT_OBJC_MSGSEND = YES;
				ENABLE_USER_SCRIPT_SANDBOXING = YES;
				GCC_C_LANGUAGE_STANDARD = gnu17;
				GCC_NO_COMMON_BLOCKS = YES;
				GCC_WARN_64_TO_32_BIT_CONVERSION = YES;
				GCC_WARN_ABOUT_RETURN_TYPE = YES_ERROR;
				GCC_WARN_UNDECLARED_SELECTOR = YES;
				GCC_WARN_UNINITIALIZED_AUTOS = YES_AGGRESSIVE;
				GCC_WARN_UNUSED_FUNCTION = YES;
				GCC_WARN_UNUSED_VARIABLE = YES;
				LOCALIZATION_PREFERS_STRING_CATALOGS = YES;
				MACOSX_DEPLOYMENT_TARGET = 14.0;
				MTL_ENABLE_DEBUG_INFO = NO;
				MTL_FAST_MATH = YES;
				SDKROOT = macosx;
				SWIFT_COMPILATION_MODE = wholemodule;
			};
			name = Release;
		};
		6B4889252B0CBD84001F16BC /* Debug */ = {
			isa = XCBuildConfiguration;
			buildSettings = {
				CODE_SIGN_STYLE = Automatic;
				DEVELOPMENT_TEAM = YC6QRM4PC2;
				ENABLE_HARDENED_RUNTIME = YES;
				PRODUCT_NAME = "$(TARGET_NAME)";
				SWIFT_VERSION = 5.0;
			};
			name = Debug;
		};
		6B4889262B0CBD84001F16BC /* Release */ = {
			isa = XCBuildConfiguration;
			buildSettings = {
				CODE_SIGN_STYLE = Automatic;
				DEVELOPMENT_TEAM = YC6QRM4PC2;
				ENABLE_HARDENED_RUNTIME = YES;
				PRODUCT_NAME = "$(TARGET_NAME)";
				SWIFT_VERSION = 5.0;
			};
			name = Release;
		};
/* End XCBuildConfiguration section */

/* Begin XCConfigurationList section */
		6B4889182B0CBD84001F16BC /* Build configuration list for PBXProject "task_01" */ = {
			isa = XCConfigurationList;
			buildConfigurations = (
				6B4889222B0CBD84001F16BC /* Debug */,
				6B4889232B0CBD84001F16BC /* Release */,
			);
			defaultConfigurationIsVisible = 0;
			defaultConfigurationName = Release;
		};
		6B4889242B0CBD84001F16BC /* Build configuration list for PBXNativeTarget "task_01" */ = {
			isa = XCConfigurationList;
			buildConfigurations = (
				6B4889252B0CBD84001F16BC /* Debug */,
				6B4889262B0CBD84001F16BC /* Release */,
			);
			defaultConfigurationIsVisible = 0;
			defaultConfigurationName = Release;
		};
/* End XCConfigurationList section */
	};
	rootObject = 6B4889152B0CBD84001F16BC /* Project object */;
}
